Microsoft Visual Studio Solution File, Format Version 12.00
# Visual Studio Version 17
VisualStudioVersion = 17.5.2.0
MinimumVisualStudioVersion = 10.0.40219.1
Project("{FAE04EC0-301F-11D3-BF4B-00C04F79EFBC}") = "DsBatteryIndicator", "DsBatteryIndicator\DsBatteryIndicator.csproj", "{43A9D1D4-9A9A-88A2-A9ED-638B31D5E7F7}"
EndProject
Global
	GlobalSection(SolutionConfigurationPlatforms) = preSolution
		Debug|Any CPU = Debug|Any CPU
		Release|Any CPU = Release|Any CPU
	EndGlobalSection
	GlobalSection(ProjectConfigurationPlatforms) = postSolution
		{43A9D1D4-9A9A-88A2-A9ED-638B31D5E7F7}.Debug|Any CPU.ActiveCfg = Debug|Any CPU
		{43A9D1D4-9A9A-88A2-A9ED-638B31D5E7F7}.Debug|Any CPU.Build.0 = Debug|Any CPU
		{43A9D1D4-9A9A-88A2-A9ED-638B31D5E7F7}.Release|Any CPU.ActiveCfg = Release|Any CPU
		{43A9D1D4-9A9A-88A2-A9ED-638B31D5E7F7}.Release|Any CPU.Build.0 = Release|Any CPU
	EndGlobalSection
	GlobalSection(SolutionProperties) = preSolution
		HideSolutionNode = FALSE
	EndGlobalSection
	GlobalSection(ExtensibilityGlobals) = postSolution
		SolutionGuid = {BE187ECA-9847-49E8-BF83-E248C46C68FA}
	EndGlobalSection
EndGlobal
